
Microsoft Visual Studio Solution File, Format Version 12.00
# Visual Studio Version 17
VisualStudioVersion = 17.7.34018.315
MinimumVisualStudioVersion = 10.0.40219.1
Project("{9A19103F-16F7-4668-BE54-9A1E7A4F7556}") = "CoinDashHub", "CoinDashHub\CoinDashHub.csproj", "{4A7B6DB2-FE06-4F43-B805-B50608828A6A}"
EndProject
Project("{E53339B2-1760-4266-BCC7-CA923CBCF16C}") = "docker-compose", "docker-compose.dcproj", "{7705FFB2-705B-402F-8880-A71E35EA80E0}"
EndProject
Global
	GlobalSection(SolutionConfigurationPlatforms) = preSolution
		Debug|Any CPU = Debug|Any CPU
		Release|Any CPU = Release|Any CPU
	EndGlobalSection
	GlobalSection(ProjectConfigurationPlatforms) = postSolution
		{4A7B6DB2-FE06-4F43-B805-B50608828A6A}.Debug|Any CPU.ActiveCfg = Debug|Any CPU
		{4A7B6DB2-FE06-4F43-B805-B50608828A6A}.Debug|Any CPU.Build.0 = Debug|Any CPU
		{4A7B6DB2-FE06-4F43-B805-B50608828A6A}.Release|Any CPU.ActiveCfg = Release|Any CPU
		{4A7B6DB2-FE06-4F43-B805-B50608828A6A}.Release|Any CPU.Build.0 = Release|Any CPU
		{7705FFB2-705B-402F-8880-A71E35EA80E0}.Debug|Any CPU.ActiveCfg = Debug|Any CPU
		{7705FFB2-705B-402F-8880-A71E35EA80E0}.Debug|Any CPU.Build.0 = Debug|Any CPU
		{7705FFB2-705B-402F-8880-A71E35EA80E0}.Release|Any CPU.ActiveCfg = Release|Any CPU
		{7705FFB2-705B-402F-8880-A71E35EA80E0}.Release|Any CPU.Build.0 = Release|Any CPU
	EndGlobalSection
	GlobalSection(SolutionProperties) = preSolution
		HideSolutionNode = FALSE
	EndGlobalSection
	GlobalSection(ExtensibilityGlobals) = postSolution
		SolutionGuid = {053EEB95-0367-4D9B-8518-91EF21076711}
	EndGlobalSection
EndGlobal
